
Microsoft Visual Studio Solution File, Format Version 12.00
# Visual Studio Version 16
VisualStudioVersion = 16.0.29102.190
MinimumVisualStudioVersion = 10.0.40219.1
Project("{FAE04EC0-301F-11D3-BF4B-00C04F79EFBC}") = "TesteSecreto", "TesteSecreto\TesteSecreto.csproj", "{B2BA9853-BA8C-4719-B7D3-A2183B25B94C}"
EndProject
Project("{2150E333-8FDC-42A3-9474-1A3956D46DE8}") = "1-Presenter", "1-Presenter", "{50B154B0-7013-41FC-9423-98D426BB4A2B}"
EndProject
Project("{2150E333-8FDC-42A3-9474-1A3956D46DE8}") = "2-Domain", "2-Domain", "{749DDABA-6CFC-4B89-8E5B-37E6940A0003}"
EndProject
Project("{2150E333-8FDC-42A3-9474-1A3956D46DE8}") = "3-Infra", "3-Infra", "{ACD4CBB1-2E04-4A0F-8B14-5ADFA99F1A4D}"
EndProject
Project("{2150E333-8FDC-42A3-9474-1A3956D46DE8}") = "4-Aplication", "4-Aplication", "{8E624454-3BF7-4170-889E-A82E1D7502BC}"
EndProject
Project("{2150E333-8FDC-42A3-9474-1A3956D46DE8}") = "5-CrossCutting", "5-CrossCutting", "{91C4D8CF-670E-4086-9278-1FB5F4783A91}"
EndProject
Project("{FAE04EC0-301F-11D3-BF4B-00C04F79EFBC}") = "Domain", "Domain\Domain.csproj", "{236D858D-A468-45AC-9B71-44318B1A50ED}"
EndProject
Project("{FAE04EC0-301F-11D3-BF4B-00C04F79EFBC}") = "Repository", "Repository\Repository.csproj", "{E5BB722A-C0EB-4411-82CA-8BAA5671EAFF}"
EndProject
Project("{FAE04EC0-301F-11D3-BF4B-00C04F79EFBC}") = "Service", "Service\Service.csproj", "{0471F19B-07B4-41EB-8D96-57A283923A1C}"
EndProject
Project("{FAE04EC0-301F-11D3-BF4B-00C04F79EFBC}") = "CrossCutting", "CrossCutting\CrossCutting.csproj", "{FE0F4BCF-4D91-447A-85EA-6E115350AF48}"
EndProject
Project("{2150E333-8FDC-42A3-9474-1A3956D46DE8}") = "6-Test", "6-Test", "{A70BF693-7E9A-4B5F-9506-AE2A1E9AD52B}"
EndProject
Project("{FAE04EC0-301F-11D3-BF4B-00C04F79EFBC}") = "XUnitTestProjeto", "XUnitTestProjeto\XUnitTestProjeto.csproj", "{389CC370-D42F-42E8-826C-9E0CFD0A12DE}"
EndProject
Global
	GlobalSection(SolutionConfigurationPlatforms) = preSolution
		Debug|Any CPU = Debug|Any CPU
		Release|Any CPU = Release|Any CPU
	EndGlobalSection
	GlobalSection(ProjectConfigurationPlatforms) = postSolution
		{B2BA9853-BA8C-4719-B7D3-A2183B25B94C}.Debug|Any CPU.ActiveCfg = Debug|Any CPU
		{B2BA9853-BA8C-4719-B7D3-A2183B25B94C}.Debug|Any CPU.Build.0 = Debug|Any CPU
		{B2BA9853-BA8C-4719-B7D3-A2183B25B94C}.Release|Any CPU.ActiveCfg = Release|Any CPU
		{B2BA9853-BA8C-4719-B7D3-A2183B25B94C}.Release|Any CPU.Build.0 = Release|Any CPU
		{236D858D-A468-45AC-9B71-44318B1A50ED}.Debug|Any CPU.ActiveCfg = Debug|Any CPU
		{236D858D-A468-45AC-9B71-44318B1A50ED}.Debug|Any CPU.Build.0 = Debug|Any CPU
		{236D858D-A468-45AC-9B71-44318B1A50ED}.Release|Any CPU.ActiveCfg = Release|Any CPU
		{236D858D-A468-45AC-9B71-44318B1A50ED}.Release|Any CPU.Build.0 = Release|Any CPU
		{E5BB722A-C0EB-4411-82CA-8BAA5671EAFF}.Debug|Any CPU.ActiveCfg = Debug|Any CPU
		{E5BB722A-C0EB-4411-82CA-8BAA5671EAFF}.Debug|Any CPU.Build.0 = Debug|Any CPU
		{E5BB722A-C0EB-4411-82CA-8BAA5671EAFF}.Release|Any CPU.ActiveCfg = Release|Any CPU
		{E5BB722A-C0EB-4411-82CA-8BAA5671EAFF}.Release|Any CPU.Build.0 = Release|Any CPU
		{0471F19B-07B4-41EB-8D96-57A283923A1C}.Debug|Any CPU.ActiveCfg = Debug|Any CPU
		{0471F19B-07B4-41EB-8D96-57A283923A1C}.Debug|Any CPU.Build.0 = Debug|Any CPU
		{0471F19B-07B4-41EB-8D96-57A283923A1C}.Release|Any CPU.ActiveCfg = Release|Any CPU
		{0471F19B-07B4-41EB-8D96-57A283923A1C}.Release|Any CPU.Build.0 = Release|Any CPU
		{FE0F4BCF-4D91-447A-85EA-6E115350AF48}.Debug|Any CPU.ActiveCfg = Debug|Any CPU
		{FE0F4BCF-4D91-447A-85EA-6E115350AF48}.Debug|Any CPU.Build.0 = Debug|Any CPU
		{FE0F4BCF-4D91-447A-85EA-6E115350AF48}.Release|Any CPU.ActiveCfg = Release|Any CPU
		{FE0F4BCF-4D91-447A-85EA-6E115350AF48}.Release|Any CPU.Build.0 = Release|Any CPU
		{389CC370-D42F-42E8-826C-9E0CFD0A12DE}.Debug|Any CPU.ActiveCfg = Debug|Any CPU
		{389CC370-D42F-42E8-826C-9E0CFD0A12DE}.Debug|Any CPU.Build.0 = Debug|Any CPU
		{389CC370-D42F-42E8-826C-9E0CFD0A12DE}.Release|Any CPU.ActiveCfg = Release|Any CPU
		{389CC370-D42F-42E8-826C-9E0CFD0A12DE}.Release|Any CPU.Build.0 = Release|Any CPU
	EndGlobalSection
	GlobalSection(SolutionProperties) = preSolution
		HideSolutionNode = FALSE
	EndGlobalSection
	GlobalSection(NestedProjects) = preSolution
		{B2BA9853-BA8C-4719-B7D3-A2183B25B94C} = {50B154B0-7013-41FC-9423-98D426BB4A2B}
		{236D858D-A468-45AC-9B71-44318B1A50ED} = {749DDABA-6CFC-4B89-8E5B-37E6940A0003}
		{E5BB722A-C0EB-4411-82CA-8BAA5671EAFF} = {ACD4CBB1-2E04-4A0F-8B14-5ADFA99F1A4D}
		{0471F19B-07B4-41EB-8D96-57A283923A1C} = {8E624454-3BF7-4170-889E-A82E1D7502BC}
		{FE0F4BCF-4D91-447A-85EA-6E115350AF48} = {91C4D8CF-670E-4086-9278-1FB5F4783A91}
		{389CC370-D42F-42E8-826C-9E0CFD0A12DE} = {A70BF693-7E9A-4B5F-9506-AE2A1E9AD52B}
	EndGlobalSection
	GlobalSection(ExtensibilityGlobals) = postSolution
		SolutionGuid = {4EBAAD32-72BD-4508-9DF1-947912D17EE2}
	EndGlobalSection
EndGlobal
